<?xml version="1.0" encoding="utf-8"?>
<Project ToolsVersion="4.0" xmlns="http://schemas.microsoft.com/developer/msbuild/2003">
  <ItemGroup>
    <Filter Include="Исходные файлы">
      <UniqueIdentifier>{4FC737F1-C7A5-4376-A066-2A32D752A2FF}</UniqueIdentifier>
      <Extensions>cpp;c;cc;cxx;c++;cppm;ixx;def;odl;idl;hpj;bat;asm;asmx</Extensions>
    </Filter>
    <Filter Include="Файлы заголовков">
      <UniqueIdentifier>{93995380-89BD-4b04-88EB-625FBE52EBFB}</UniqueIdentifier>
      <Extensions>h;hh;hpp;hxx;h++;hm;inl;inc;ipp;xsd</Extensions>
    </Filter>
    <Filter Include="Файлы ресурсов">
      <UniqueIdentifier>{67DA6AB6-F800-4c08-8B7A-83BB121AAD01}</UniqueIdentifier>
      <Extensions>rc;ico;cur;bmp;dlg;rc2;rct;bin;rgs;gif;jpg;jpeg;jpe;resx;tiff;tif;png;wav;mfcribbon-ms</Extensions>
    </Filter>
    <Filter Include="Исходные файлы\assets">
      <UniqueIdentifier>{bba8280c-c2e9-4a82-b618-6174d4bbe69c}</UniqueIdentifier>
    </Filter>
    <Filter Include="Исходные файлы\assets\shaders">
      <UniqueIdentifier>{06896d6c-1a1a-4822-9778-03b258c23cff}</UniqueIdentifier>
    </Filter>
    <Filter Include="Исходные файлы\src">
      <UniqueIdentifier>{f3c7a68b-73ef-44fc-ac5f-90e55246397f}</UniqueIdentifier>
    </Filter>
    <Filter Include="StandartOBJ">
      <UniqueIdentifier>{efd92069-9126-4279-8f6c-c277de02cc42}</UniqueIdentifier>
    </Filter>
  </ItemGroup>
  <ItemGroup>
    <ClCompile Include="Main.cpp">
      <Filter>Исходные файлы</Filter>
    </ClCompile>
    <ClCompile Include="SimpleSDL.cpp">
      <Filter>Исходные файлы</Filter>
    </ClCompile>
    <ClCompile Include="Texture.cpp">
      <Filter>Исходные файлы</Filter>
    </ClCompile>
    <ClCompile Include="Shader.cpp">
      <Filter>Исходные файлы\src</Filter>
    </ClCompile>
    <ClCompile Include="StandartOpenGlRender.cpp">
      <Filter>Исходные файлы</Filter>
    </ClCompile>
    <ClCompile Include="TextRenderer.cpp">
      <Filter>Исходные файлы</Filter>
    </ClCompile>
    <ClCompile Include="PhysicsWorld.cpp">
      <Filter>Исходные файлы</Filter>
    </ClCompile>
  </ItemGroup>
  <ItemGroup>
    <ClInclude Include="SimpleSDL.hpp">
      <Filter>Файлы заголовков</Filter>
    </ClInclude>
    <ClInclude Include="vec3.hpp">
      <Filter>Файлы заголовков</Filter>
    </ClInclude>
    <ClInclude Include="mat4.hpp">
      <Filter>Файлы заголовков</Filter>
    </ClInclude>
    <ClInclude Include="DebagLogSystem.hpp">
      <Filter>Файлы заголовков</Filter>
    </ClInclude>
    <ClInclude Include="quat.hpp">
      <Filter>Файлы заголовков</Filter>
    </ClInclude>
    <ClInclude Include="vec2.hpp">
      <Filter>Файлы заголовков</Filter>
    </ClInclude>
    <ClInclude Include="vec4.hpp">
      <Filter>Файлы заголовков</Filter>
    </ClInclude>
    <ClInclude Include="color.hpp">
      <Filter>Файлы заголовков</Filter>
    </ClInclude>
    <ClInclude Include="SimpleRenderOpenSDL.h">
      <Filter>Файлы заголовков</Filter>
    </ClInclude>
    <ClInclude Include="Transform.hpp">
      <Filter>Файлы заголовков</Filter>
    </ClInclude>
    <ClInclude Include="Camera.hpp">
      <Filter>Файлы заголовков</Filter>
    </ClInclude>
    <ClInclude Include="Material.hpp">
      <Filter>Файлы заголовков</Filter>
    </ClInclude>
    <ClInclude Include="Texture.hpp">
      <Filter>Файлы заголовков</Filter>
    </ClInclude>
    <ClInclude Include="InputSystem.hpp">
      <Filter>Файлы заголовков</Filter>
    </ClInclude>
    <ClInclude Include="Shader.hpp">
      <Filter>Исходные файлы\src</Filter>
    </ClInclude>
    <ClInclude Include="StandartOpenGlRender.hpp">
      <Filter>Файлы заголовков</Filter>
    </ClInclude>
    <ClInclude Include="Cube.hpp">
      <Filter>StandartOBJ</Filter>
    </ClInclude>
    <ClInclude Include="Plane.hpp">
      <Filter>StandartOBJ</Filter>
    </ClInclude>
    <ClInclude Include="Sphere.hpp">
      <Filter>StandartOBJ</Filter>
    </ClInclude>
    <ClInclude Include="ObjLoader.hpp">
      <Filter>StandartOBJ</Filter>
    </ClInclude>
    <ClInclude Include="ObjMesh.hpp">
      <Filter>StandartOBJ</Filter>
    </ClInclude>
    <ClInclude Include="Sun.hpp">
      <Filter>StandartOBJ</Filter>
    </ClInclude>
    <ClInclude Include="ShadowMap.hpp">
      <Filter>Исходные файлы\src</Filter>
    </ClInclude>
    <ClInclude Include="Mesh.hpp">
      <Filter>Исходные файлы\assets</Filter>
    </ClInclude>
    <ClInclude Include="TextRenderer.hpp">
      <Filter>Файлы заголовков</Filter>
    </ClInclude>
    <ClInclude Include="Rigidbody.hpp">
      <Filter>Файлы заголовков</Filter>
    </ClInclude>
    <ClInclude Include="Collider.hpp">
      <Filter>Файлы заголовков</Filter>
    </ClInclude>
    <ClInclude Include="PhysicsWorld.hpp">
      <Filter>Файлы заголовков</Filter>
    </ClInclude>
    <ClInclude Include="CameraController.hpp">
      <Filter>Файлы заголовков</Filter>
    </ClInclude>
    <ClInclude Include="CameraObject.hpp">
      <Filter>StandartOBJ</Filter>
    </ClInclude>
    <ClInclude Include="SimpleSky.hpp">
      <Filter>Файлы заголовков</Filter>
    </ClInclude>
    <ClInclude Include="SunSprite.hpp">
      <Filter>Файлы заголовков</Filter>
    </ClInclude>
    <ClInclude Include="WhiteSphere.hpp">
      <Filter>StandartOBJ</Filter>
    </ClInclude>
    <ClInclude Include="InputController.hpp">
      <Filter>Файлы заголовков</Filter>
    </ClInclude>
  </ItemGroup>
  <ItemGroup>
    <None Include="basic.vert">
      <Filter>Исходные файлы\assets\shaders</Filter>
    </None>
    <None Include="basic.frag">
      <Filter>Исходные файлы\assets\shaders</Filter>
    </None>
    <None Include="texture.vert">
      <Filter>Исходные файлы\assets\shaders</Filter>
    </None>
    <None Include="texture.frag">
      <Filter>Исходные файлы\assets\shaders</Filter>
    </None>
    <None Include="noise.frag">
      <Filter>Исходные файлы\assets\shaders</Filter>
    </None>
    <None Include="vertex_color.vert">
      <Filter>Исходные файлы\assets\shaders</Filter>
    </None>
    <None Include="vertex_color.frag">
      <Filter>Исходные файлы\assets\shaders</Filter>
    </None>
    <None Include="noise.vert">
      <Filter>Исходные файлы\assets\shaders</Filter>
    </None>
    <None Include="pulse.frag">
      <Filter>Исходные файлы\assets\shaders</Filter>
    </None>
    <None Include="pulse.vert">
      <Filter>Исходные файлы\assets\shaders</Filter>
    </None>
    <None Include="shadow.vert">
      <Filter>Исходные файлы\assets\shaders</Filter>
    </None>
    <None Include="shadow_mapping.vert">
      <Filter>Исходные файлы\assets\shaders</Filter>
    </None>
    <None Include="shadow_debug.frag">
      <Filter>Исходные файлы\assets\shaders</Filter>
    </None>
    <None Include="shadow.frag">
      <Filter>Исходные файлы\assets\shaders</Filter>
    </None>
    <None Include="shadow_mapping.frag">
      <Filter>Исходные файлы\assets\shaders</Filter>
    </None>
    <None Include="shadow_shader.frag">
      <Filter>Исходные файлы\assets\shaders</Filter>
    </None>
    <None Include="shadow_shader.vert">
      <Filter>Исходные файлы\assets\shaders</Filter>
    </None>
    <None Include="main_shader.vert">
      <Filter>Исходные файлы\assets\shaders</Filter>
    </None>
    <None Include="main_shader.frag">
      <Filter>Исходные файлы\assets\shaders</Filter>
    </None>
    <None Include="ShadowShader.vert">
      <Filter>Исходные файлы\assets\shaders</Filter>
    </None>
    <None Include="MainShader.vert">
      <Filter>Исходные файлы\assets\shaders</Filter>
    </None>
    <None Include="MainShader.frag">
      <Filter>Исходные файлы\assets\shaders</Filter>
    </None>
    <None Include="ShadowShader.frag">
      <Filter>Исходные файлы\assets\shaders</Filter>
    </None>
    <None Include="SkyShader.vert">
      <Filter>Исходные файлы\assets\shaders</Filter>
    </None>
    <None Include="SkyShader.frag">
      <Filter>Исходные файлы\assets\shaders</Filter>
    </None>
  </ItemGroup>
</Project>